{
  "name": "zhonggu-xiantanshe",
  "version": "1.0.0",
  "lockfileVersion": 2,
  "requires": true,
  "packages": {
    "": {
      "name": "zhonggu-xiantanshe",
      "version": "1.0.0",
      "license": "ISC",
      "dependencies": {
        "axios-miniprogram-adapter": "^0.3.4",
        "tdesign-miniprogram": "^0.23.0"
      }
    },
    "node_modules/axios-miniprogram-adapter": {
      "version": "0.3.4",
      "resolved": "https://registry.npmmirror.com/axios-miniprogram-adapter/-/axios-miniprogram-adapter-0.3.4.tgz",
      "integrity": "sha512-nQVl5bIUn9bW9IWT/pWBjsFt0RtXTMc24t5ISHS6NVYg/U6EUDzbPW1vWq5nXFc3MniJYi+6iNlliVB6lWpfNg==",
      "dependencies": {
        "axios": "^0.19.2"
      }
    },
    "node_modules/axios-miniprogram-adapter/node_modules/axios": {
      "version": "0.19.2",
      "resolved": "https://registry.npmmirror.com/axios/-/axios-0.19.2.tgz",
      "integrity": "sha512-fjgm5MvRHLhx+osE2xoekY70AhARk3a6hkN+3Io1jc00jtquGvxYlKlsFUhmUET0V5te6CcZI7lcv2Ym61mjHA==",
      "deprecated": "Critical security vulnerability fixed in v0.21.1. For more information, see https://github.com/axios/axios/pull/3410",
      "dependencies": {
        "follow-redirects": "1.5.10"
      }
    },
    "node_modules/axios-miniprogram-adapter/node_modules/follow-redirects": {
      "version": "1.5.10",
      "resolved": "https://registry.npmmirror.com/follow-redirects/-/follow-redirects-1.5.10.tgz",
      "integrity": "sha512-0V5l4Cizzvqt5D44aTXbFZz+FtyXV1vrDN6qrelxtfYQKW0KO0W2T/hkE8xvGa/540LkZlkaUjO4ailYTFtHVQ==",
      "dependencies": {
        "debug": "=3.1.0"
      },
      "engines": {
        "node": ">=4.0"
      }
    },
    "node_modules/dayjs": {
      "version": "1.11.5",
      "resolved": "https://registry.npmjs.org/dayjs/-/dayjs-1.11.5.tgz",
      "integrity": "sha512-CAdX5Q3YW3Gclyo5Vpqkgpj8fSdLQcRuzfX6mC6Phy0nfJ0eGYOeS7m4mt2plDWLAtA4TqTakvbboHvUxfe4iA=="
    },
    "node_modules/debug": {
      "version": "3.1.0",
      "resolved": "https://registry.npmmirror.com/debug/-/debug-3.1.0.tgz",
      "integrity": "sha512-OX8XqP7/1a9cqkxYw2yXss15f26NKWBpDXQd0/uK/KPqdQhxbPa994hnzjcE2VqQpDslf55723cKPUOGSmMY3g==",
      "dependencies": {
        "ms": "2.0.0"
      }
    },
    "node_modules/ms": {
      "version": "2.0.0",
      "resolved": "https://registry.npmmirror.com/ms/-/ms-2.0.0.tgz",
      "integrity": "sha512-Tpp60P6IUJDTuOq/5Z8cdskzJujfwqfOTkrwIwj7IRISpnkJnT6SyJ4PCPnGMoFjC9ddhal5KVIYtAt97ix05A=="
    },
    "node_modules/tdesign-miniprogram": {
      "version": "0.23.0",
      "resolved": "https://registry.npmjs.org/tdesign-miniprogram/-/tdesign-miniprogram-0.23.0.tgz",
      "integrity": "sha512-fnd1UieHEhBlfewIR6UWAudddARgjd2DcRp+jbTgzpEAGLb5hEDfYfHlg/lhc7cNFLQ/SYlBgINBATdNp2xzzQ==",
      "dependencies": {
        "dayjs": "^1.10.7"
      }
    }
  },
  "dependencies": {
    "axios-miniprogram-adapter": {
      "version": "0.3.4",
      "resolved": "https://registry.npmmirror.com/axios-miniprogram-adapter/-/axios-miniprogram-adapter-0.3.4.tgz",
      "integrity": "sha512-nQVl5bIUn9bW9IWT/pWBjsFt0RtXTMc24t5ISHS6NVYg/U6EUDzbPW1vWq5nXFc3MniJYi+6iNlliVB6lWpfNg==",
      "requires": {
        "axios": "^0.19.2"
      },
      "dependencies": {
        "axios": {
          "version": "0.19.2",
          "resolved": "https://registry.npmmirror.com/axios/-/axios-0.19.2.tgz",
          "integrity": "sha512-fjgm5MvRHLhx+osE2xoekY70AhARk3a6hkN+3Io1jc00jtquGvxYlKlsFUhmUET0V5te6CcZI7lcv2Ym61mjHA==",
          "requires": {
            "follow-redirects": "1.5.10"
          }
        },
        "follow-redirects": {
          "version": "1.5.10",
          "resolved": "https://registry.npmmirror.com/follow-redirects/-/follow-redirects-1.5.10.tgz",
          "integrity": "sha512-0V5l4Cizzvqt5D44aTXbFZz+FtyXV1vrDN6qrelxtfYQKW0KO0W2T/hkE8xvGa/540LkZlkaUjO4ailYTFtHVQ==",
          "requires": {
            "debug": "=3.1.0"
          }
        }
      }
    },
    "dayjs": {
      "version": "1.11.5",
      "resolved": "https://registry.npmjs.org/dayjs/-/dayjs-1.11.5.tgz",
      "integrity": "sha512-CAdX5Q3YW3Gclyo5Vpqkgpj8fSdLQcRuzfX6mC6Phy0nfJ0eGYOeS7m4mt2plDWLAtA4TqTakvbboHvUxfe4iA=="
    },
    "debug": {
      "version": "3.1.0",
      "resolved": "https://registry.npmmirror.com/debug/-/debug-3.1.0.tgz",
      "integrity": "sha512-OX8XqP7/1a9cqkxYw2yXss15f26NKWBpDXQd0/uK/KPqdQhxbPa994hnzjcE2VqQpDslf55723cKPUOGSmMY3g==",
      "requires": {
        "ms": "2.0.0"
      }
    },
    "ms": {
      "version": "2.0.0",
      "resolved": "https://registry.npmmirror.com/ms/-/ms-2.0.0.tgz",
      "integrity": "sha512-Tpp60P6IUJDTuOq/5Z8cdskzJujfwqfOTkrwIwj7IRISpnkJnT6SyJ4PCPnGMoFjC9ddhal5KVIYtAt97ix05A=="
    },
    "tdesign-miniprogram": {
      "version": "0.23.0",
      "resolved": "https://registry.npmjs.org/tdesign-miniprogram/-/tdesign-miniprogram-0.23.0.tgz",
      "integrity": "sha512-fnd1UieHEhBlfewIR6UWAudddARgjd2DcRp+jbTgzpEAGLb5hEDfYfHlg/lhc7cNFLQ/SYlBgINBATdNp2xzzQ==",
      "requires": {
        "dayjs": "^1.10.7"
      }
    }
  }
}
